<?xml version="1.0" encoding="utf-8"?>
<Project ToolsVersion="4.0" xmlns="http://schemas.microsoft.com/developer/msbuild/2003">
  <ItemGroup>
    <Manifest Include="SciTE.exe.manifest" />
  </ItemGroup>
  <ItemGroup>
    <ClCompile Include="..\src\Cookie.cxx" />
    <ClCompile Include="..\src\Credits.cxx" />
    <ClCompile Include="..\src\EditorConfig.cxx" />
    <ClCompile Include="..\src\ExportHTML.cxx" />
    <ClCompile Include="..\src\ExportPDF.cxx" />
    <ClCompile Include="..\src\ExportRTF.cxx" />
    <ClCompile Include="..\src\ExportTEX.cxx" />
    <ClCompile Include="..\src\ExportXML.cxx" />
    <ClCompile Include="..\src\FilePath.cxx" />
    <ClCompile Include="..\src\FileWorker.cxx" />
    <ClCompile Include="..\src\IFaceTable.cxx" />
    <ClCompile Include="..\src\JobQueue.cxx" />
    <ClCompile Include="..\src\MatchMarker.cxx" />
    <ClCompile Include="..\src\PropSetFile.cxx" />
    <ClCompile Include="..\src\StringHelpers.cxx" />
    <ClCompile Include="..\src\StringList.cxx" />
    <ClCompile Include="..\src\StyleDefinition.cxx" />
    <ClCompile Include="..\src\StyleWriter.cxx" />
    <ClCompile Include="..\src\Utf8_16.cxx" />
    <ClCompile Include="..\win32\Strips.cxx" />
    <ClCompile Include="..\win32\GUIWin.cxx" />
    <ClCompile Include="..\win32\Strips.cxx" />
    <ClCompile Include="..\win32\GUIWin.cxx" />
    <ClCompile Include="..\win32\Strips.cxx" />
    <ClCompile Include="..\win32\GUIWin.cxx" />
    <ClCompile Include="..\win32\Strips.cxx" />
    <ClCompile Include="..\win32\GUIWin.cxx" />
    <ClCompile Include="..\win32\Strips.cxx" />
    <ClCompile Include="..\win32\GUIWin.cxx" />
    <ClCompile Include="..\win32\SciTEWinBar.cxx" />
    <ClCompile Include="..\win32\SciTEWinDlg.cxx" />
    <ClCompile Include="..\win32\Strips.cxx" />
    <ClCompile Include="..\lua\src\lauxlib.c" />
    <ClCompile Include="..\lua\src\lbaselib.c" />
    <ClCompile Include="..\lua\src\lbitlib.c" />
    <ClCompile Include="..\lua\src\lcode.c" />
    <ClCompile Include="..\lua\src\lcorolib.c" />
    <ClCompile Include="..\lua\src\lctype.c" />
    <ClCompile Include="..\lua\src\ldblib.c" />
    <ClCompile Include="..\lua\src\ldebug.c" />
    <ClCompile Include="..\lua\src\ldo.c" />
    <ClCompile Include="..\lua\src\ldump.c" />
    <ClCompile Include="..\lua\src\lfunc.c" />
    <ClCompile Include="..\lua\src\lgc.c" />
    <ClCompile Include="..\lua\src\linit.c" />
    <ClCompile Include="..\lua\src\liolib.c" />
    <ClCompile Include="..\lua\src\llex.c" />
    <ClCompile Include="..\lua\src\lmathlib.c" />
    <ClCompile Include="..\lua\src\lmem.c" />
    <ClCompile Include="..\lua\src\loadlib.c" />
    <ClCompile Include="..\lua\src\lobject.c" />
    <ClCompile Include="..\lua\src\lopcodes.c" />
    <ClCompile Include="..\lua\src\loslib.c" />
    <ClCompile Include="..\lua\src\lparser.c" />
    <ClCompile Include="..\lua\src\lstate.c" />
    <ClCompile Include="..\lua\src\lstring.c" />
    <ClCompile Include="..\lua\src\lstrlib.c" />
    <ClCompile Include="..\lua\src\ltable.c" />
    <ClCompile Include="..\lua\src\ltablib.c" />
    <ClCompile Include="..\lua\src\ltm.c" />
    <ClCompile Include="..\lua\src\lundump.c" />
    <ClCompile Include="..\lua\src\lutf8lib.c" />
    <ClCompile Include="..\lua\src\lvm.c" />
    <ClCompile Include="..\lua\src\lzio.c" />
    <ClCompile Include="..\lua\src\*.c" />
    <ClCompile Include="..\lua\src\*.c" />
    <ClCompile Include="..\lua\src\*.c" />
    <ClCompile Include="..\lua\src\*.c" />
    <ClCompile Include="..\lua\src\*.c" />
    <ClCompile Include="..\lua\src\*.c" />
    <ClCompile Include="..\lua\src\*.c" />
    <ClCompile Include="..\lua\src\*.c" />
    <ClCompile Include="..\lua\src\*.c" />
    <ClCompile Include="..\lua\src\*.c" />
    <ClCompile Include="..\lua\src\*.c" />
    <ClCompile Include="..\lua\src\*.c" />
    <ClCompile Include="..\lua\src\*.c" />
    <ClCompile Include="..\lua\src\*.c" />
    <ClCompile Include="..\lua\src\*.c" />
    <ClCompile Include="..\lua\src\*.c" />
    <ClCompile Include="..\lua\src\*.c" />
    <ClCompile Include="..\lua\src\*.c" />
    <ClCompile Include="..\lua\src\*.c" />
    <ClCompile Include="..\lua\src\*.c" />
    <ClCompile Include="..\lua\src\*.c" />
    <ClCompile Include="..\lua\src\*.c" />
    <ClCompile Include="..\lua\src\*.c" />
    <ClCompile Include="..\lua\src\*.c" />
    <ClCompile Include="..\lua\src\*.c" />
    <ClCompile Include="..\lua\src\*.c" />
    <ClCompile Include="..\win32\GUIWin.cxx">
      <Filter>Core</Filter>
    </ClCompile>
    <ClCompile Include="..\win32\SciTEWin.cxx">
      <Filter>Core</Filter>
    </ClCompile>
    <ClCompile Include="..\win32\SciTEWinBar.cxx">
      <Filter>Core</Filter>
    </ClCompile>
    <ClCompile Include="..\win32\SciTEWinDlg.cxx">
      <Filter>Core</Filter>
    </ClCompile>
    <ClCompile Include="..\win32\Strips.cxx">
      <Filter>Core</Filter>
    </ClCompile>
    <ClCompile Include="..\win32\DirectorExtension.cxx" />
    <ClCompile Include="..\lua\src\*.c" />
    <ClCompile Include="..\lua\src\*.c" />
    <ClCompile Include="..\lua\src\*.c" />
    <ClCompile Include="..\lua\src\*.c" />
    <ClCompile Include="..\lua\src\*.c" />
    <ClCompile Include="..\lua\src\*.c" />
    <ClCompile Include="..\lua\src\*.c" />
    <ClCompile Include="..\lua\src\*.c" />
    <ClCompile Include="..\lua\src\*.c" />
    <ClCompile Include="..\lua\src\*.c" />
    <ClCompile Include="..\lua\src\*.c" />
    <ClCompile Include="..\lua\src\*.c" />
    <ClCompile Include="..\lua\src\*.c" />
    <ClCompile Include="..\lua\src\*.c" />
    <ClCompile Include="..\lua\src\*.c" />
    <ClCompile Include="..\lua\src\*.c" />
    <ClCompile Include="..\lua\src\*.c" />
    <ClCompile Include="..\lua\src\*.c" />
    <ClCompile Include="..\lua\src\*.c" />
    <ClCompile Include="..\lua\src\*.c" />
    <ClCompile Include="..\lua\src\*.c" />
    <ClCompile Include="..\lua\src\*.c" />
    <ClCompile Include="..\lua\src\*.c" />
    <ClCompile Include="..\lua\src\*.c" />
    <ClCompile Include="..\lua\src\*.c" />
    <ClCompile Include="..\lua\src\*.c" />
    <ClCompile Include="..\lua\src\*.c" />
    <ClCompile Include="..\lua\src\*.c" />
    <ClCompile Include="..\lua\src\*.c" />
    <ClCompile Include="..\lua\src\*.c" />
    <ClCompile Include="..\lua\src\*.c" />
    <ClCompile Include="..\lua\src\*.c" />
    <ClCompile Include="UniqueInstance.cxx" />
    <ClCompile Include="..\src\SciTEBase.cxx">
      <Filter>Core</Filter>
    </ClCompile>
    <ClCompile Include="..\win32\SciTEWin.cxx">
      <Filter>Core</Filter>
    </ClCompile>
    <ClCompile Include="..\lua\src\*.c" />
    <ClCompile Include="..\lua\src\*.c" />
    <ClCompile Include="..\lua\src\*.c" />
    <ClCompile Include="..\lua\src\*.c" />
    <ClCompile Include="..\lua\src\*.c" />
    <ClCompile Include="..\lua\src\*.c" />
    <ClCompile Include="..\lua\src\*.c" />
    <ClCompile Include="..\lua\src\*.c" />
    <ClCompile Include="..\lua\src\*.c" />
    <ClCompile Include="..\lua\src\*.c" />
    <ClCompile Include="..\lua\src\*.c" />
    <ClCompile Include="..\lua\src\*.c" />
    <ClCompile Include="..\lua\src\*.c" />
    <ClCompile Include="..\lua\src\*.c" />
    <ClCompile Include="..\lua\src\*.c" />
    <ClCompile Include="..\lua\src\*.c" />
    <ClCompile Include="..\lua\src\*.c" />
    <ClCompile Include="..\lua\src\*.c" />
    <ClCompile Include="..\lua\src\*.c" />
    <ClCompile Include="..\lua\src\*.c" />
    <ClCompile Include="..\lua\src\*.c" />
    <ClCompile Include="..\lua\src\*.c" />
    <ClCompile Include="..\lua\src\*.c" />
    <ClCompile Include="..\lua\src\*.c" />
    <ClCompile Include="..\lua\src\*.c" />
    <ClCompile Include="..\lua\src\*.c" />
    <ClCompile Include="..\lua\src\*.c" />
    <ClCompile Include="..\lua\src\*.c" />
    <ClCompile Include="..\lua\src\*.c" />
    <ClCompile Include="..\lua\src\*.c" />
    <ClCompile Include="..\lua\src\*.c" />
    <ClCompile Include="..\lua\src\*.c" />
    <ClCompile Include="..\win32\SciTEWin.cxx">
      <Filter>Core</Filter>
    </ClCompile>
    <ClCompile Include="..\lua\src\lauxlib.c" />
    <ClCompile Include="..\lua\src\lbaselib.c" />
    <ClCompile Include="..\lua\src\lbitlib.c" />
    <ClCompile Include="..\lua\src\lcode.c" />
    <ClCompile Include="..\lua\src\lcorolib.c" />
    <ClCompile Include="..\lua\src\lctype.c" />
    <ClCompile Include="..\lua\src\ldblib.c" />
    <ClCompile Include="..\lua\src\ldebug.c" />
    <ClCompile Include="..\lua\src\ldo.c" />
    <ClCompile Include="..\lua\src\ldump.c" />
    <ClCompile Include="..\lua\src\lfunc.c" />
    <ClCompile Include="..\lua\src\lgc.c" />
    <ClCompile Include="..\lua\src\linit.c" />
    <ClCompile Include="..\lua\src\liolib.c" />
    <ClCompile Include="..\lua\src\llex.c" />
    <ClCompile Include="..\lua\src\lmathlib.c" />
    <ClCompile Include="..\lua\src\lmem.c" />
    <ClCompile Include="..\lua\src\loadlib.c" />
    <ClCompile Include="..\lua\src\lobject.c" />
    <ClCompile Include="..\lua\src\lopcodes.c" />
    <ClCompile Include="..\lua\src\loslib.c" />
    <ClCompile Include="..\lua\src\lparser.c" />
    <ClCompile Include="..\lua\src\lstate.c" />
    <ClCompile Include="..\lua\src\lstring.c" />
    <ClCompile Include="..\lua\src\lstrlib.c" />
    <ClCompile Include="..\lua\src\ltable.c" />
    <ClCompile Include="..\lua\src\ltablib.c" />
    <ClCompile Include="..\lua\src\ltm.c" />
    <ClCompile Include="..\lua\src\lundump.c" />
    <ClCompile Include="..\lua\src\lutf8lib.c" />
    <ClCompile Include="..\lua\src\lvm.c" />
    <ClCompile Include="..\lua\src\lzio.c" />
    <ClCompile Include="..\lua\src\lauxlib.c" />
    <ClCompile Include="..\lua\src\lbaselib.c" />
    <ClCompile Include="..\lua\src\lbitlib.c" />
    <ClCompile Include="..\lua\src\lcode.c" />
    <ClCompile Include="..\lua\src\lcorolib.c" />
    <ClCompile Include="..\lua\src\lctype.c" />
    <ClCompile Include="..\lua\src\ldblib.c" />
    <ClCompile Include="..\lua\src\ldebug.c" />
    <ClCompile Include="..\lua\src\ldo.c" />
    <ClCompile Include="..\lua\src\ldump.c" />
    <ClCompile Include="..\lua\src\lfunc.c" />
    <ClCompile Include="..\lua\src\lgc.c" />
    <ClCompile Include="..\lua\src\linit.c" />
    <ClCompile Include="..\lua\src\liolib.c" />
    <ClCompile Include="..\lua\src\llex.c" />
    <ClCompile Include="..\lua\src\lmathlib.c" />
    <ClCompile Include="..\lua\src\lmem.c" />
    <ClCompile Include="..\lua\src\loadlib.c" />
    <ClCompile Include="..\lua\src\lobject.c" />
    <ClCompile Include="..\lua\src\lopcodes.c" />
    <ClCompile Include="..\lua\src\loslib.c" />
    <ClCompile Include="..\lua\src\lparser.c" />
    <ClCompile Include="..\lua\src\lstate.c" />
    <ClCompile Include="..\lua\src\lstring.c" />
    <ClCompile Include="..\lua\src\lstrlib.c" />
    <ClCompile Include="..\lua\src\ltable.c" />
    <ClCompile Include="..\lua\src\ltablib.c" />
    <ClCompile Include="..\lua\src\ltm.c" />
    <ClCompile Include="..\lua\src\lundump.c" />
    <ClCompile Include="..\lua\src\lutf8lib.c" />
    <ClCompile Include="..\lua\src\lvm.c" />
    <ClCompile Include="..\lua\src\lzio.c" />
    <ClCompile Include="..\lua\src\lauxlib.c" />
    <ClCompile Include="..\lua\src\lbaselib.c" />
    <ClCompile Include="..\lua\src\lbitlib.c" />
    <ClCompile Include="..\lua\src\lcode.c" />
    <ClCompile Include="..\lua\src\lcorolib.c" />
    <ClCompile Include="..\lua\src\lctype.c" />
    <ClCompile Include="..\lua\src\ldblib.c" />
    <ClCompile Include="..\lua\src\ldebug.c" />
    <ClCompile Include="..\lua\src\ldo.c" />
    <ClCompile Include="..\lua\src\ldump.c" />
    <ClCompile Include="..\lua\src\lfunc.c" />
    <ClCompile Include="..\lua\src\lgc.c" />
    <ClCompile Include="..\lua\src\linit.c" />
    <ClCompile Include="..\lua\src\liolib.c" />
    <ClCompile Include="..\lua\src\llex.c" />
    <ClCompile Include="..\lua\src\lmathlib.c" />
    <ClCompile Include="..\lua\src\lmem.c" />
    <ClCompile Include="..\lua\src\loadlib.c" />
    <ClCompile Include="..\lua\src\lobject.c" />
    <ClCompile Include="..\lua\src\lopcodes.c" />
    <ClCompile Include="..\lua\src\loslib.c" />
    <ClCompile Include="..\lua\src\lparser.c" />
    <ClCompile Include="..\lua\src\lstate.c" />
    <ClCompile Include="..\lua\src\lstring.c" />
    <ClCompile Include="..\lua\src\lstrlib.c" />
    <ClCompile Include="..\lua\src\ltable.c" />
    <ClCompile Include="..\lua\src\ltablib.c" />
    <ClCompile Include="..\lua\src\ltm.c" />
    <ClCompile Include="..\lua\src\lundump.c" />
    <ClCompile Include="..\lua\src\lutf8lib.c" />
    <ClCompile Include="..\lua\src\lvm.c" />
    <ClCompile Include="..\lua\src\lzio.c" />
    <ClCompile Include="..\lua\src\lauxlib.c" />
    <ClCompile Include="..\lua\src\lbaselib.c" />
    <ClCompile Include="..\lua\src\lbitlib.c" />
    <ClCompile Include="..\lua\src\lcode.c" />
    <ClCompile Include="..\lua\src\lcorolib.c" />
    <ClCompile Include="..\lua\src\lctype.c" />
    <ClCompile Include="..\lua\src\ldblib.c" />
    <ClCompile Include="..\lua\src\ldebug.c" />
    <ClCompile Include="..\lua\src\ldo.c" />
    <ClCompile Include="..\lua\src\ldump.c" />
    <ClCompile Include="..\lua\src\lfunc.c" />
    <ClCompile Include="..\lua\src\lgc.c" />
    <ClCompile Include="..\lua\src\linit.c" />
    <ClCompile Include="..\lua\src\liolib.c" />
    <ClCompile Include="..\lua\src\llex.c" />
    <ClCompile Include="..\lua\src\lmathlib.c" />
    <ClCompile Include="..\lua\src\lmem.c" />
    <ClCompile Include="..\lua\src\loadlib.c" />
    <ClCompile Include="..\lua\src\lobject.c" />
    <ClCompile Include="..\lua\src\lopcodes.c" />
    <ClCompile Include="..\lua\src\loslib.c" />
    <ClCompile Include="..\lua\src\lparser.c" />
    <ClCompile Include="..\lua\src\lstate.c" />
    <ClCompile Include="..\lua\src\lstring.c" />
    <ClCompile Include="..\lua\src\lstrlib.c" />
    <ClCompile Include="..\lua\src\ltable.c" />
    <ClCompile Include="..\lua\src\ltablib.c" />
    <ClCompile Include="..\lua\src\ltm.c" />
    <ClCompile Include="..\lua\src\lundump.c" />
    <ClCompile Include="..\lua\src\lutf8lib.c" />
    <ClCompile Include="..\lua\src\lvm.c" />
    <ClCompile Include="..\lua\src\lzio.c" />
    <ClCompile Include="..\lua\src\lauxlib.c" />
    <ClCompile Include="..\lua\src\lbaselib.c" />
    <ClCompile Include="..\lua\src\lbitlib.c" />
    <ClCompile Include="..\lua\src\lcode.c" />
    <ClCompile Include="..\lua\src\lcorolib.c" />
    <ClCompile Include="..\lua\src\lctype.c" />
    <ClCompile Include="..\lua\src\ldblib.c" />
    <ClCompile Include="..\lua\src\ldebug.c" />
    <ClCompile Include="..\lua\src\ldo.c" />
    <ClCompile Include="..\lua\src\ldump.c" />
    <ClCompile Include="..\lua\src\lfunc.c" />
    <ClCompile Include="..\lua\src\lgc.c" />
    <ClCompile Include="..\lua\src\linit.c" />
    <ClCompile Include="..\lua\src\liolib.c" />
    <ClCompile Include="..\lua\src\llex.c" />
    <ClCompile Include="..\lua\src\lmathlib.c" />
    <ClCompile Include="..\lua\src\lmem.c" />
    <ClCompile Include="..\lua\src\loadlib.c" />
    <ClCompile Include="..\lua\src\lobject.c" />
    <ClCompile Include="..\lua\src\lopcodes.c" />
    <ClCompile Include="..\lua\src\loslib.c" />
    <ClCompile Include="..\lua\src\lparser.c" />
    <ClCompile Include="..\lua\src\lstate.c" />
    <ClCompile Include="..\lua\src\lstring.c" />
    <ClCompile Include="..\lua\src\lstrlib.c" />
    <ClCompile Include="..\lua\src\ltable.c" />
    <ClCompile Include="..\lua\src\ltablib.c" />
    <ClCompile Include="..\lua\src\ltm.c" />
    <ClCompile Include="..\lua\src\lundump.c" />
    <ClCompile Include="..\lua\src\lutf8lib.c" />
    <ClCompile Include="..\lua\src\lvm.c" />
    <ClCompile Include="..\lua\src\lzio.c" />
    <ClCompile Include="..\lua\src\lauxlib.c" />
    <ClCompile Include="..\lua\src\lbaselib.c" />
    <ClCompile Include="..\lua\src\lbitlib.c" />
    <ClCompile Include="..\lua\src\lcode.c" />
    <ClCompile Include="..\lua\src\lcorolib.c" />
    <ClCompile Include="..\lua\src\lctype.c" />
    <ClCompile Include="..\lua\src\ldblib.c" />
    <ClCompile Include="..\lua\src\ldebug.c" />
    <ClCompile Include="..\lua\src\ldo.c" />
    <ClCompile Include="..\lua\src\ldump.c" />
    <ClCompile Include="..\lua\src\lfunc.c" />
    <ClCompile Include="..\lua\src\lgc.c" />
    <ClCompile Include="..\lua\src\linit.c" />
    <ClCompile Include="..\lua\src\liolib.c" />
    <ClCompile Include="..\lua\src\llex.c" />
    <ClCompile Include="..\lua\src\lmathlib.c" />
    <ClCompile Include="..\lua\src\lmem.c" />
    <ClCompile Include="..\lua\src\loadlib.c" />
    <ClCompile Include="..\lua\src\lobject.c" />
    <ClCompile Include="..\lua\src\lopcodes.c" />
    <ClCompile Include="..\lua\src\loslib.c" />
    <ClCompile Include="..\lua\src\lparser.c" />
    <ClCompile Include="..\lua\src\lstate.c" />
    <ClCompile Include="..\lua\src\lstring.c" />
    <ClCompile Include="..\lua\src\lstrlib.c" />
    <ClCompile Include="..\lua\src\ltable.c" />
    <ClCompile Include="..\lua\src\ltablib.c" />
    <ClCompile Include="..\lua\src\ltm.c" />
    <ClCompile Include="..\lua\src\lundump.c" />
    <ClCompile Include="..\lua\src\lutf8lib.c" />
    <ClCompile Include="..\lua\src\lvm.c" />
    <ClCompile Include="..\lua\src\lzio.c" />
    <ClCompile Include="..\lua\src\lauxlib.c" />
    <ClCompile Include="..\lua\src\lbaselib.c" />
    <ClCompile Include="..\lua\src\lbitlib.c" />
    <ClCompile Include="..\lua\src\lcode.c" />
    <ClCompile Include="..\lua\src\lcorolib.c" />
    <ClCompile Include="..\lua\src\lctype.c" />
    <ClCompile Include="..\lua\src\ldblib.c" />
    <ClCompile Include="..\lua\src\ldebug.c" />
    <ClCompile Include="..\lua\src\ldo.c" />
    <ClCompile Include="..\lua\src\ldump.c" />
    <ClCompile Include="..\lua\src\lfunc.c" />
    <ClCompile Include="..\lua\src\lgc.c" />
    <ClCompile Include="..\lua\src\linit.c" />
    <ClCompile Include="..\lua\src\liolib.c" />
    <ClCompile Include="..\lua\src\llex.c" />
    <ClCompile Include="..\lua\src\lmathlib.c" />
    <ClCompile Include="..\lua\src\lmem.c" />
    <ClCompile Include="..\lua\src\loadlib.c" />
    <ClCompile Include="..\lua\src\lobject.c" />
    <ClCompile Include="..\lua\src\lopcodes.c" />
    <ClCompile Include="..\lua\src\loslib.c" />
    <ClCompile Include="..\lua\src\lparser.c" />
    <ClCompile Include="..\lua\src\lstate.c" />
    <ClCompile Include="..\lua\src\lstring.c" />
    <ClCompile Include="..\lua\src\lstrlib.c" />
    <ClCompile Include="..\lua\src\ltable.c" />
    <ClCompile Include="..\lua\src\ltablib.c" />
    <ClCompile Include="..\lua\src\ltm.c" />
    <ClCompile Include="..\lua\src\lundump.c" />
    <ClCompile Include="..\lua\src\lutf8lib.c" />
    <ClCompile Include="..\lua\src\lvm.c" />
    <ClCompile Include="..\lua\src\lzio.c" />
    <ClCompile Include="..\lua\src\lauxlib.c" />
    <ClCompile Include="..\lua\src\lbaselib.c" />
    <ClCompile Include="..\lua\src\lbitlib.c" />
    <ClCompile Include="..\lua\src\lcode.c" />
    <ClCompile Include="..\lua\src\lcorolib.c" />
    <ClCompile Include="..\lua\src\lctype.c" />
    <ClCompile Include="..\lua\src\ldblib.c" />
    <ClCompile Include="..\lua\src\ldebug.c" />
    <ClCompile Include="..\lua\src\ldo.c" />
    <ClCompile Include="..\lua\src\ldump.c" />
    <ClCompile Include="..\lua\src\lfunc.c" />
    <ClCompile Include="..\lua\src\lgc.c" />
    <ClCompile Include="..\lua\src\linit.c" />
    <ClCompile Include="..\lua\src\liolib.c" />
    <ClCompile Include="..\lua\src\llex.c" />
    <ClCompile Include="..\lua\src\lmathlib.c" />
    <ClCompile Include="..\lua\src\lmem.c" />
    <ClCompile Include="..\lua\src\loadlib.c" />
    <ClCompile Include="..\lua\src\lobject.c" />
    <ClCompile Include="..\lua\src\lopcodes.c" />
    <ClCompile Include="..\lua\src\loslib.c" />
    <ClCompile Include="..\lua\src\lparser.c" />
    <ClCompile Include="..\lua\src\lstate.c" />
    <ClCompile Include="..\lua\src\lstring.c" />
    <ClCompile Include="..\lua\src\lstrlib.c" />
    <ClCompile Include="..\lua\src\ltable.c" />
    <ClCompile Include="..\lua\src\ltablib.c" />
    <ClCompile Include="..\lua\src\ltm.c" />
    <ClCompile Include="..\lua\src\lundump.c" />
    <ClCompile Include="..\lua\src\lutf8lib.c" />
    <ClCompile Include="..\lua\src\lvm.c" />
    <ClCompile Include="..\lua\src\lzio.c" />
    <ClCompile Include="..\lua\src\lauxlib.c" />
    <ClCompile Include="..\lua\src\lbaselib.c" />
    <ClCompile Include="..\lua\src\lbitlib.c" />
    <ClCompile Include="..\lua\src\lcode.c" />
    <ClCompile Include="..\lua\src\lcorolib.c" />
    <ClCompile Include="..\lua\src\lctype.c" />
    <ClCompile Include="..\lua\src\ldblib.c" />
    <ClCompile Include="..\lua\src\ldebug.c" />
    <ClCompile Include="..\lua\src\ldo.c" />
    <ClCompile Include="..\lua\src\ldump.c" />
    <ClCompile Include="..\lua\src\lfunc.c" />
    <ClCompile Include="..\lua\src\lgc.c" />
    <ClCompile Include="..\lua\src\linit.c" />
    <ClCompile Include="..\lua\src\liolib.c" />
    <ClCompile Include="..\lua\src\llex.c" />
    <ClCompile Include="..\lua\src\lmathlib.c" />
    <ClCompile Include="..\lua\src\lmem.c" />
    <ClCompile Include="..\lua\src\loadlib.c" />
    <ClCompile Include="..\lua\src\lobject.c" />
    <ClCompile Include="..\lua\src\lopcodes.c" />
    <ClCompile Include="..\lua\src\loslib.c" />
    <ClCompile Include="..\lua\src\lparser.c" />
    <ClCompile Include="..\lua\src\lstate.c" />
    <ClCompile Include="..\lua\src\lstring.c" />
    <ClCompile Include="..\lua\src\lstrlib.c" />
    <ClCompile Include="..\lua\src\ltable.c" />
    <ClCompile Include="..\lua\src\ltablib.c" />
    <ClCompile Include="..\lua\src\ltm.c" />
    <ClCompile Include="..\lua\src\lundump.c" />
    <ClCompile Include="..\lua\src\lutf8lib.c" />
    <ClCompile Include="..\lua\src\lvm.c" />
    <ClCompile Include="..\lua\src\lzio.c" />
    <ClCompile Include="..\lua\src\lauxlib.c" />
    <ClCompile Include="..\lua\src\lbaselib.c" />
    <ClCompile Include="..\lua\src\lbitlib.c" />
    <ClCompile Include="..\lua\src\lcode.c" />
    <ClCompile Include="..\lua\src\lcorolib.c" />
    <ClCompile Include="..\lua\src\lctype.c" />
    <ClCompile Include="..\lua\src\ldblib.c" />
    <ClCompile Include="..\lua\src\ldebug.c" />
    <ClCompile Include="..\lua\src\ldo.c" />
    <ClCompile Include="..\lua\src\ldump.c" />
    <ClCompile Include="..\lua\src\lfunc.c" />
    <ClCompile Include="..\lua\src\lgc.c" />
    <ClCompile Include="..\lua\src\linit.c" />
    <ClCompile Include="..\lua\src\liolib.c" />
    <ClCompile Include="..\lua\src\llex.c" />
    <ClCompile Include="..\lua\src\lmathlib.c" />
    <ClCompile Include="..\lua\src\lmem.c" />
    <ClCompile Include="..\lua\src\loadlib.c" />
    <ClCompile Include="..\lua\src\lobject.c" />
    <ClCompile Include="..\lua\src\lopcodes.c" />
    <ClCompile Include="..\lua\src\loslib.c" />
    <ClCompile Include="..\lua\src\lparser.c" />
    <ClCompile Include="..\lua\src\lstate.c" />
    <ClCompile Include="..\lua\src\lstring.c" />
    <ClCompile Include="..\lua\src\lstrlib.c" />
    <ClCompile Include="..\lua\src\ltable.c" />
    <ClCompile Include="..\lua\src\ltablib.c" />
    <ClCompile Include="..\lua\src\ltm.c" />
    <ClCompile Include="..\lua\src\lundump.c" />
    <ClCompile Include="..\lua\src\lutf8lib.c" />
    <ClCompile Include="..\lua\src\lvm.c" />
    <ClCompile Include="..\lua\src\lzio.c" />
    <ClCompile Include="..\lua\src\lauxlib.c" />
    <ClCompile Include="..\lua\src\lbaselib.c" />
    <ClCompile Include="..\lua\src\lbitlib.c" />
    <ClCompile Include="..\lua\src\lcode.c" />
    <ClCompile Include="..\lua\src\lcorolib.c" />
    <ClCompile Include="..\lua\src\lctype.c" />
    <ClCompile Include="..\lua\src\ldblib.c" />
    <ClCompile Include="..\lua\src\ldebug.c" />
    <ClCompile Include="..\lua\src\ldo.c" />
    <ClCompile Include="..\lua\src\ldump.c" />
    <ClCompile Include="..\lua\src\lfunc.c" />
    <ClCompile Include="..\lua\src\lgc.c" />
    <ClCompile Include="..\lua\src\linit.c" />
    <ClCompile Include="..\lua\src\liolib.c" />
    <ClCompile Include="..\lua\src\llex.c" />
    <ClCompile Include="..\lua\src\lmathlib.c" />
    <ClCompile Include="..\lua\src\lmem.c" />
    <ClCompile Include="..\lua\src\loadlib.c" />
    <ClCompile Include="..\lua\src\lobject.c" />
    <ClCompile Include="..\lua\src\lopcodes.c" />
    <ClCompile Include="..\lua\src\loslib.c" />
    <ClCompile Include="..\lua\src\lparser.c" />
    <ClCompile Include="..\lua\src\lstate.c" />
    <ClCompile Include="..\lua\src\lstring.c" />
    <ClCompile Include="..\lua\src\lstrlib.c" />
    <ClCompile Include="..\lua\src\ltable.c" />
    <ClCompile Include="..\lua\src\ltablib.c" />
    <ClCompile Include="..\lua\src\ltm.c" />
    <ClCompile Include="..\lua\src\lundump.c" />
    <ClCompile Include="..\lua\src\lutf8lib.c" />
    <ClCompile Include="..\lua\src\lvm.c" />
    <ClCompile Include="..\lua\src\lzio.c" />
    <ClCompile Include="..\lua\src\lauxlib.c" />
    <ClCompile Include="..\lua\src\lbaselib.c" />
    <ClCompile Include="..\lua\src\lbitlib.c" />
    <ClCompile Include="..\lua\src\lcode.c" />
    <ClCompile Include="..\lua\src\lcorolib.c" />
    <ClCompile Include="..\lua\src\lctype.c" />
    <ClCompile Include="..\lua\src\ldblib.c" />
    <ClCompile Include="..\lua\src\ldebug.c" />
    <ClCompile Include="..\lua\src\ldo.c" />
    <ClCompile Include="..\lua\src\ldump.c" />
    <ClCompile Include="..\lua\src\lfunc.c" />
    <ClCompile Include="..\lua\src\lgc.c" />
    <ClCompile Include="..\lua\src\linit.c" />
    <ClCompile Include="..\lua\src\liolib.c" />
    <ClCompile Include="..\lua\src\llex.c" />
    <ClCompile Include="..\lua\src\lmathlib.c" />
    <ClCompile Include="..\lua\src\lmem.c" />
    <ClCompile Include="..\lua\src\loadlib.c" />
    <ClCompile Include="..\lua\src\lobject.c" />
    <ClCompile Include="..\lua\src\lopcodes.c" />
    <ClCompile Include="..\lua\src\loslib.c" />
    <ClCompile Include="..\lua\src\lparser.c" />
    <ClCompile Include="..\lua\src\lstate.c" />
    <ClCompile Include="..\lua\src\lstring.c" />
    <ClCompile Include="..\lua\src\lstrlib.c" />
    <ClCompile Include="..\lua\src\ltable.c" />
    <ClCompile Include="..\lua\src\ltablib.c" />
    <ClCompile Include="..\lua\src\ltm.c" />
    <ClCompile Include="..\lua\src\lundump.c" />
    <ClCompile Include="..\lua\src\lutf8lib.c" />
    <ClCompile Include="..\lua\src\lvm.c" />
    <ClCompile Include="..\lua\src\lzio.c" />
    <ClCompile Include="..\lua\src\lauxlib.c" />
    <ClCompile Include="..\lua\src\lbaselib.c" />
    <ClCompile Include="..\lua\src\lbitlib.c" />
    <ClCompile Include="..\lua\src\lcode.c" />
    <ClCompile Include="..\lua\src\lcorolib.c" />
    <ClCompile Include="..\lua\src\lctype.c" />
    <ClCompile Include="..\lua\src\ldblib.c" />
    <ClCompile Include="..\lua\src\ldebug.c" />
    <ClCompile Include="..\lua\src\ldo.c" />
    <ClCompile Include="..\lua\src\ldump.c" />
    <ClCompile Include="..\lua\src\lfunc.c" />
    <ClCompile Include="..\lua\src\lgc.c" />
    <ClCompile Include="..\lua\src\linit.c" />
    <ClCompile Include="..\lua\src\liolib.c" />
    <ClCompile Include="..\lua\src\llex.c" />
    <ClCompile Include="..\lua\src\lmathlib.c" />
    <ClCompile Include="..\lua\src\lmem.c" />
    <ClCompile Include="..\lua\src\loadlib.c" />
    <ClCompile Include="..\lua\src\lobject.c" />
    <ClCompile Include="..\lua\src\lopcodes.c" />
    <ClCompile Include="..\lua\src\loslib.c" />
    <ClCompile Include="..\lua\src\lparser.c" />
    <ClCompile Include="..\lua\src\lstate.c" />
    <ClCompile Include="..\lua\src\lstring.c" />
    <ClCompile Include="..\lua\src\lstrlib.c" />
    <ClCompile Include="..\lua\src\ltable.c" />
    <ClCompile Include="..\lua\src\ltablib.c" />
    <ClCompile Include="..\lua\src\ltm.c" />
    <ClCompile Include="..\lua\src\lundump.c" />
    <ClCompile Include="..\lua\src\lutf8lib.c" />
    <ClCompile Include="..\lua\src\lvm.c" />
    <ClCompile Include="..\lua\src\lzio.c" />
    <ClCompile Include="..\lua\src\lauxlib.c" />
    <ClCompile Include="..\lua\src\lbaselib.c" />
    <ClCompile Include="..\lua\src\lbitlib.c" />
    <ClCompile Include="..\lua\src\lcode.c" />
    <ClCompile Include="..\lua\src\lcorolib.c" />
    <ClCompile Include="..\lua\src\lctype.c" />
    <ClCompile Include="..\lua\src\ldblib.c" />
    <ClCompile Include="..\lua\src\ldebug.c" />
    <ClCompile Include="..\lua\src\ldo.c" />
    <ClCompile Include="..\lua\src\ldump.c" />
    <ClCompile Include="..\lua\src\lfunc.c" />
    <ClCompile Include="..\lua\src\lgc.c" />
    <ClCompile Include="..\lua\src\linit.c" />
    <ClCompile Include="..\lua\src\liolib.c" />
    <ClCompile Include="..\lua\src\llex.c" />
    <ClCompile Include="..\lua\src\lmathlib.c" />
    <ClCompile Include="..\lua\src\lmem.c" />
    <ClCompile Include="..\lua\src\loadlib.c" />
    <ClCompile Include="..\lua\src\lobject.c" />
    <ClCompile Include="..\lua\src\lopcodes.c" />
    <ClCompile Include="..\lua\src\loslib.c" />
    <ClCompile Include="..\lua\src\lparser.c" />
    <ClCompile Include="..\lua\src\lstate.c" />
    <ClCompile Include="..\lua\src\lstring.c" />
    <ClCompile Include="..\lua\src\lstrlib.c" />
    <ClCompile Include="..\lua\src\ltable.c" />
    <ClCompile Include="..\lua\src\ltablib.c" />
    <ClCompile Include="..\lua\src\ltm.c" />
    <ClCompile Include="..\lua\src\lundump.c" />
    <ClCompile Include="..\lua\src\lutf8lib.c" />
    <ClCompile Include="..\lua\src\lvm.c" />
    <ClCompile Include="..\lua\src\lzio.c" />
    <ClCompile Include="..\lua\src\lauxlib.c" />
    <ClCompile Include="..\lua\src\lbaselib.c" />
    <ClCompile Include="..\lua\src\lbitlib.c" />
    <ClCompile Include="..\lua\src\lcode.c" />
    <ClCompile Include="..\lua\src\lcorolib.c" />
    <ClCompile Include="..\lua\src\lctype.c" />
    <ClCompile Include="..\lua\src\ldblib.c" />
    <ClCompile Include="..\lua\src\ldebug.c" />
    <ClCompile Include="..\lua\src\ldo.c" />
    <ClCompile Include="..\lua\src\ldump.c" />
    <ClCompile Include="..\lua\src\lfunc.c" />
    <ClCompile Include="..\lua\src\lgc.c" />
    <ClCompile Include="..\lua\src\linit.c" />
    <ClCompile Include="..\lua\src\liolib.c" />
    <ClCompile Include="..\lua\src\llex.c" />
    <ClCompile Include="..\lua\src\lmathlib.c" />
    <ClCompile Include="..\lua\src\lmem.c" />
    <ClCompile Include="..\lua\src\loadlib.c" />
    <ClCompile Include="..\lua\src\lobject.c" />
    <ClCompile Include="..\lua\src\lopcodes.c" />
    <ClCompile Include="..\lua\src\loslib.c" />
    <ClCompile Include="..\lua\src\lparser.c" />
    <ClCompile Include="..\lua\src\lstate.c" />
    <ClCompile Include="..\lua\src\lstring.c" />
    <ClCompile Include="..\lua\src\lstrlib.c" />
    <ClCompile Include="..\lua\src\ltable.c" />
    <ClCompile Include="..\lua\src\ltablib.c" />
    <ClCompile Include="..\lua\src\ltm.c" />
    <ClCompile Include="..\lua\src\lundump.c" />
    <ClCompile Include="..\lua\src\lutf8lib.c" />
    <ClCompile Include="..\lua\src\lvm.c" />
    <ClCompile Include="..\lua\src\lzio.c" />
    <ClCompile Include="..\lua\src\lauxlib.c" />
    <ClCompile Include="..\lua\src\lbaselib.c" />
    <ClCompile Include="..\lua\src\lbitlib.c" />
    <ClCompile Include="..\lua\src\lcode.c" />
    <ClCompile Include="..\lua\src\lcorolib.c" />
    <ClCompile Include="..\lua\src\lctype.c" />
    <ClCompile Include="..\lua\src\ldblib.c" />
    <ClCompile Include="..\lua\src\ldebug.c" />
    <ClCompile Include="..\lua\src\ldo.c" />
    <ClCompile Include="..\lua\src\ldump.c" />
    <ClCompile Include="..\lua\src\lfunc.c" />
    <ClCompile Include="..\lua\src\lgc.c" />
    <ClCompile Include="..\lua\src\linit.c" />
    <ClCompile Include="..\lua\src\liolib.c" />
    <ClCompile Include="..\lua\src\llex.c" />
    <ClCompile Include="..\lua\src\lmathlib.c" />
    <ClCompile Include="..\lua\src\lmem.c" />
    <ClCompile Include="..\lua\src\loadlib.c" />
    <ClCompile Include="..\lua\src\lobject.c" />
    <ClCompile Include="..\lua\src\lopcodes.c" />
    <ClCompile Include="..\lua\src\loslib.c" />
    <ClCompile Include="..\lua\src\lparser.c" />
    <ClCompile Include="..\lua\src\lstate.c" />
    <ClCompile Include="..\lua\src\lstring.c" />
    <ClCompile Include="..\lua\src\lstrlib.c" />
    <ClCompile Include="..\lua\src\ltable.c" />
    <ClCompile Include="..\lua\src\ltablib.c" />
    <ClCompile Include="..\lua\src\ltm.c" />
    <ClCompile Include="..\lua\src\lundump.c" />
    <ClCompile Include="..\lua\src\lutf8lib.c" />
    <ClCompile Include="..\lua\src\lvm.c" />
    <ClCompile Include="..\lua\src\lzio.c" />
    <ClCompile Include="..\lua\src\lauxlib.c" />
    <ClCompile Include="..\lua\src\lbaselib.c" />
    <ClCompile Include="..\lua\src\lbitlib.c" />
    <ClCompile Include="..\lua\src\lcode.c" />
    <ClCompile Include="..\lua\src\lcorolib.c" />
    <ClCompile Include="..\lua\src\lctype.c" />
    <ClCompile Include="..\lua\src\ldblib.c" />
    <ClCompile Include="..\lua\src\ldebug.c" />
    <ClCompile Include="..\lua\src\ldo.c" />
    <ClCompile Include="..\lua\src\ldump.c" />
    <ClCompile Include="..\lua\src\lfunc.c" />
    <ClCompile Include="..\lua\src\lgc.c" />
    <ClCompile Include="..\lua\src\linit.c" />
    <ClCompile Include="..\lua\src\liolib.c" />
    <ClCompile Include="..\lua\src\llex.c" />
    <ClCompile Include="..\lua\src\lmathlib.c" />
    <ClCompile Include="..\lua\src\lmem.c" />
    <ClCompile Include="..\lua\src\loadlib.c" />
    <ClCompile Include="..\lua\src\lobject.c" />
    <ClCompile Include="..\lua\src\lopcodes.c" />
    <ClCompile Include="..\lua\src\loslib.c" />
    <ClCompile Include="..\lua\src\lparser.c" />
    <ClCompile Include="..\lua\src\lstate.c" />
    <ClCompile Include="..\lua\src\lstring.c" />
    <ClCompile Include="..\lua\src\lstrlib.c" />
    <ClCompile Include="..\lua\src\ltable.c" />
    <ClCompile Include="..\lua\src\ltablib.c" />
    <ClCompile Include="..\lua\src\ltm.c" />
    <ClCompile Include="..\lua\src\lundump.c" />
    <ClCompile Include="..\lua\src\lutf8lib.c" />
    <ClCompile Include="..\lua\src\lvm.c" />
    <ClCompile Include="..\lua\src\lzio.c" />
    <ClCompile Include="..\lua\src\lauxlib.c" />
    <ClCompile Include="..\lua\src\lbaselib.c" />
    <ClCompile Include="..\lua\src\lbitlib.c" />
    <ClCompile Include="..\lua\src\lcode.c" />
    <ClCompile Include="..\lua\src\lcorolib.c" />
    <ClCompile Include="..\lua\src\lctype.c" />
    <ClCompile Include="..\lua\src\ldblib.c" />
    <ClCompile Include="..\lua\src\ldebug.c" />
    <ClCompile Include="..\lua\src\ldo.c" />
    <ClCompile Include="..\lua\src\ldump.c" />
    <ClCompile Include="..\lua\src\lfunc.c" />
    <ClCompile Include="..\lua\src\lgc.c" />
    <ClCompile Include="..\lua\src\linit.c" />
    <ClCompile Include="..\lua\src\liolib.c" />
    <ClCompile Include="..\lua\src\llex.c" />
    <ClCompile Include="..\lua\src\lmathlib.c" />
    <ClCompile Include="..\lua\src\lmem.c" />
    <ClCompile Include="..\lua\src\loadlib.c" />
    <ClCompile Include="..\lua\src\lobject.c" />
    <ClCompile Include="..\lua\src\lopcodes.c" />
    <ClCompile Include="..\lua\src\loslib.c" />
    <ClCompile Include="..\lua\src\lparser.c" />
    <ClCompile Include="..\lua\src\lstate.c" />
    <ClCompile Include="..\lua\src\lstring.c" />
    <ClCompile Include="..\lua\src\lstrlib.c" />
    <ClCompile Include="..\lua\src\ltable.c" />
    <ClCompile Include="..\lua\src\ltablib.c" />
    <ClCompile Include="..\lua\src\ltm.c" />
    <ClCompile Include="..\lua\src\lundump.c" />
    <ClCompile Include="..\lua\src\lutf8lib.c" />
    <ClCompile Include="..\lua\src\lvm.c" />
    <ClCompile Include="..\lua\src\lzio.c" />
    <ClCompile Include="..\lua\src\lauxlib.c" />
    <ClCompile Include="..\lua\src\lbaselib.c" />
    <ClCompile Include="..\lua\src\lbitlib.c" />
    <ClCompile Include="..\lua\src\lcode.c" />
    <ClCompile Include="..\lua\src\lcorolib.c" />
    <ClCompile Include="..\lua\src\lctype.c" />
    <ClCompile Include="..\lua\src\ldblib.c" />
    <ClCompile Include="..\lua\src\ldebug.c" />
    <ClCompile Include="..\lua\src\ldo.c" />
    <ClCompile Include="..\lua\src\ldump.c" />
    <ClCompile Include="..\lua\src\lfunc.c" />
    <ClCompile Include="..\lua\src\lgc.c" />
    <ClCompile Include="..\lua\src\linit.c" />
    <ClCompile Include="..\lua\src\liolib.c" />
    <ClCompile Include="..\lua\src\llex.c" />
    <ClCompile Include="..\lua\src\lmathlib.c" />
    <ClCompile Include="..\lua\src\lmem.c" />
    <ClCompile Include="..\lua\src\loadlib.c" />
    <ClCompile Include="..\lua\src\lobject.c" />
    <ClCompile Include="..\lua\src\lopcodes.c" />
    <ClCompile Include="..\lua\src\loslib.c" />
    <ClCompile Include="..\lua\src\lparser.c" />
    <ClCompile Include="..\lua\src\lstate.c" />
    <ClCompile Include="..\lua\src\lstring.c" />
    <ClCompile Include="..\lua\src\lstrlib.c" />
    <ClCompile Include="..\lua\src\ltable.c" />
    <ClCompile Include="..\lua\src\ltablib.c" />
    <ClCompile Include="..\lua\src\ltm.c" />
    <ClCompile Include="..\lua\src\lundump.c" />
    <ClCompile Include="..\lua\src\lutf8lib.c" />
    <ClCompile Include="..\lua\src\lvm.c" />
    <ClCompile Include="..\lua\src\lzio.c" />
    <ClCompile Include="..\lua\src\lauxlib.c" />
    <ClCompile Include="..\lua\src\lbaselib.c" />
    <ClCompile Include="..\lua\src\lbitlib.c" />
    <ClCompile Include="..\lua\src\lcode.c" />
    <ClCompile Include="..\lua\src\lcorolib.c" />
    <ClCompile Include="..\lua\src\lctype.c" />
    <ClCompile Include="..\lua\src\ldblib.c" />
    <ClCompile Include="..\lua\src\ldebug.c" />
    <ClCompile Include="..\lua\src\ldo.c" />
    <ClCompile Include="..\lua\src\ldump.c" />
    <ClCompile Include="..\lua\src\lfunc.c" />
    <ClCompile Include="..\lua\src\lgc.c" />
    <ClCompile Include="..\lua\src\linit.c" />
    <ClCompile Include="..\lua\src\liolib.c" />
    <ClCompile Include="..\lua\src\llex.c" />
    <ClCompile Include="..\lua\src\lmathlib.c" />
    <ClCompile Include="..\lua\src\lmem.c" />
    <ClCompile Include="..\lua\src\loadlib.c" />
    <ClCompile Include="..\lua\src\lobject.c" />
    <ClCompile Include="..\lua\src\lopcodes.c" />
    <ClCompile Include="..\lua\src\loslib.c" />
    <ClCompile Include="..\lua\src\lparser.c" />
    <ClCompile Include="..\lua\src\lstate.c" />
    <ClCompile Include="..\lua\src\lstring.c" />
    <ClCompile Include="..\lua\src\lstrlib.c" />
    <ClCompile Include="..\lua\src\ltable.c" />
    <ClCompile Include="..\lua\src\ltablib.c" />
    <ClCompile Include="..\lua\src\ltm.c" />
    <ClCompile Include="..\lua\src\lundump.c" />
    <ClCompile Include="..\lua\src\lutf8lib.c" />
    <ClCompile Include="..\lua\src\lvm.c" />
    <ClCompile Include="..\lua\src\lzio.c" />
    <ClCompile Include="..\lua\src\lauxlib.c" />
    <ClCompile Include="..\lua\src\lbaselib.c" />
    <ClCompile Include="..\lua\src\lbitlib.c" />
    <ClCompile Include="..\lua\src\lcode.c" />
    <ClCompile Include="..\lua\src\lcorolib.c" />
    <ClCompile Include="..\lua\src\lctype.c" />
    <ClCompile Include="..\lua\src\ldblib.c" />
    <ClCompile Include="..\lua\src\ldebug.c" />
    <ClCompile Include="..\lua\src\ldo.c" />
    <ClCompile Include="..\lua\src\ldump.c" />
    <ClCompile Include="..\lua\src\lfunc.c" />
    <ClCompile Include="..\lua\src\lgc.c" />
    <ClCompile Include="..\lua\src\linit.c" />
    <ClCompile Include="..\lua\src\liolib.c" />
    <ClCompile Include="..\lua\src\llex.c" />
    <ClCompile Include="..\lua\src\lmathlib.c" />
    <ClCompile Include="..\lua\src\lmem.c" />
    <ClCompile Include="..\lua\src\loadlib.c" />
    <ClCompile Include="..\lua\src\lobject.c" />
    <ClCompile Include="..\lua\src\lopcodes.c" />
    <ClCompile Include="..\lua\src\loslib.c" />
    <ClCompile Include="..\lua\src\lparser.c" />
    <ClCompile Include="..\lua\src\lstate.c" />
    <ClCompile Include="..\lua\src\lstring.c" />
    <ClCompile Include="..\lua\src\lstrlib.c" />
    <ClCompile Include="..\lua\src\ltable.c" />
    <ClCompile Include="..\lua\src\ltablib.c" />
    <ClCompile Include="..\lua\src\ltm.c" />
    <ClCompile Include="..\lua\src\lundump.c" />
    <ClCompile Include="..\lua\src\lutf8lib.c" />
    <ClCompile Include="..\lua\src\lvm.c" />
    <ClCompile Include="..\lua\src\lzio.c" />
    <ClCompile Include="..\lua\src\lauxlib.c" />
    <ClCompile Include="..\lua\src\lbaselib.c" />
    <ClCompile Include="..\lua\src\lbitlib.c" />
    <ClCompile Include="..\lua\src\lcode.c" />
    <ClCompile Include="..\lua\src\lcorolib.c" />
    <ClCompile Include="..\lua\src\lctype.c" />
    <ClCompile Include="..\lua\src\ldblib.c" />
    <ClCompile Include="..\lua\src\ldebug.c" />
    <ClCompile Include="..\lua\src\ldo.c" />
    <ClCompile Include="..\lua\src\ldump.c" />
    <ClCompile Include="..\lua\src\lfunc.c" />
    <ClCompile Include="..\lua\src\lgc.c" />
    <ClCompile Include="..\lua\src\linit.c" />
    <ClCompile Include="..\lua\src\liolib.c" />
    <ClCompile Include="..\lua\src\llex.c" />
    <ClCompile Include="..\lua\src\lmathlib.c" />
    <ClCompile Include="..\lua\src\lmem.c" />
    <ClCompile Include="..\lua\src\loadlib.c" />
    <ClCompile Include="..\lua\src\lobject.c" />
    <ClCompile Include="..\lua\src\lopcodes.c" />
    <ClCompile Include="..\lua\src\loslib.c" />
    <ClCompile Include="..\lua\src\lparser.c" />
    <ClCompile Include="..\lua\src\lstate.c" />
    <ClCompile Include="..\lua\src\lstring.c" />
    <ClCompile Include="..\lua\src\lstrlib.c" />
    <ClCompile Include="..\lua\src\ltable.c" />
    <ClCompile Include="..\lua\src\ltablib.c" />
    <ClCompile Include="..\lua\src\ltm.c" />
    <ClCompile Include="..\lua\src\lundump.c" />
    <ClCompile Include="..\lua\src\lutf8lib.c" />
    <ClCompile Include="..\lua\src\lvm.c" />
    <ClCompile Include="..\lua\src\lzio.c" />
    <ClCompile Include="..\lua\src\lauxlib.c" />
    <ClCompile Include="..\lua\src\lbaselib.c" />
    <ClCompile Include="..\lua\src\lbitlib.c" />
    <ClCompile Include="..\lua\src\lcode.c" />
    <ClCompile Include="..\lua\src\lcorolib.c" />
    <ClCompile Include="..\lua\src\lctype.c" />
    <ClCompile Include="..\lua\src\ldblib.c" />
    <ClCompile Include="..\lua\src\ldebug.c" />
    <ClCompile Include="..\lua\src\ldo.c" />
    <ClCompile Include="..\lua\src\ldump.c" />
    <ClCompile Include="..\lua\src\lfunc.c" />
    <ClCompile Include="..\lua\src\lgc.c" />
    <ClCompile Include="..\lua\src\linit.c" />
    <ClCompile Include="..\lua\src\liolib.c" />
    <ClCompile Include="..\lua\src\llex.c" />
    <ClCompile Include="..\lua\src\lmathlib.c" />
    <ClCompile Include="..\lua\src\lmem.c" />
    <ClCompile Include="..\lua\src\loadlib.c" />
    <ClCompile Include="..\lua\src\lobject.c" />
    <ClCompile Include="..\lua\src\lopcodes.c" />
    <ClCompile Include="..\lua\src\loslib.c" />
    <ClCompile Include="..\lua\src\lparser.c" />
    <ClCompile Include="..\lua\src\lstate.c" />
    <ClCompile Include="..\lua\src\lstring.c" />
    <ClCompile Include="..\lua\src\lstrlib.c" />
    <ClCompile Include="..\lua\src\ltable.c" />
    <ClCompile Include="..\lua\src\ltablib.c" />
    <ClCompile Include="..\lua\src\ltm.c" />
    <ClCompile Include="..\lua\src\lundump.c" />
    <ClCompile Include="..\lua\src\lutf8lib.c" />
    <ClCompile Include="..\lua\src\lvm.c" />
    <ClCompile Include="..\lua\src\lzio.c" />
    <ClCompile Include="..\lua\src\lauxlib.c" />
    <ClCompile Include="..\lua\src\lbaselib.c" />
    <ClCompile Include="..\lua\src\lbitlib.c" />
    <ClCompile Include="..\lua\src\lcode.c" />
    <ClCompile Include="..\lua\src\lcorolib.c" />
    <ClCompile Include="..\lua\src\lctype.c" />
    <ClCompile Include="..\lua\src\ldblib.c" />
    <ClCompile Include="..\lua\src\ldebug.c" />
    <ClCompile Include="..\lua\src\ldo.c" />
    <ClCompile Include="..\lua\src\ldump.c" />
    <ClCompile Include="..\lua\src\lfunc.c" />
    <ClCompile Include="..\lua\src\lgc.c" />
    <ClCompile Include="..\lua\src\linit.c" />
    <ClCompile Include="..\lua\src\liolib.c" />
    <ClCompile Include="..\lua\src\llex.c" />
    <ClCompile Include="..\lua\src\lmathlib.c" />
    <ClCompile Include="..\lua\src\lmem.c" />
    <ClCompile Include="..\lua\src\loadlib.c" />
    <ClCompile Include="..\lua\src\lobject.c" />
    <ClCompile Include="..\lua\src\lopcodes.c" />
    <ClCompile Include="..\lua\src\loslib.c" />
    <ClCompile Include="..\lua\src\lparser.c" />
    <ClCompile Include="..\lua\src\lstate.c" />
    <ClCompile Include="..\lua\src\lstring.c" />
    <ClCompile Include="..\lua\src\lstrlib.c" />
    <ClCompile Include="..\lua\src\ltable.c" />
    <ClCompile Include="..\lua\src\ltablib.c" />
    <ClCompile Include="..\lua\src\ltm.c" />
    <ClCompile Include="..\lua\src\lundump.c" />
    <ClCompile Include="..\lua\src\lutf8lib.c" />
    <ClCompile Include="..\lua\src\lvm.c" />
    <ClCompile Include="..\lua\src\lzio.c" />
    <ClCompile Include="..\lua\src\lauxlib.c" />
    <ClCompile Include="..\lua\src\lbaselib.c" />
    <ClCompile Include="..\lua\src\lbitlib.c" />
    <ClCompile Include="..\lua\src\lcode.c" />
    <ClCompile Include="..\lua\src\lcorolib.c" />
    <ClCompile Include="..\lua\src\lctype.c" />
    <ClCompile Include="..\lua\src\ldblib.c" />
    <ClCompile Include="..\lua\src\ldebug.c" />
    <ClCompile Include="..\lua\src\ldo.c" />
    <ClCompile Include="..\lua\src\ldump.c" />
    <ClCompile Include="..\lua\src\lfunc.c" />
    <ClCompile Include="..\lua\src\lgc.c" />
    <ClCompile Include="..\lua\src\linit.c" />
    <ClCompile Include="..\lua\src\liolib.c" />
    <ClCompile Include="..\lua\src\llex.c" />
    <ClCompile Include="..\lua\src\lmathlib.c" />
    <ClCompile Include="..\lua\src\lmem.c" />
    <ClCompile Include="..\lua\src\loadlib.c" />
    <ClCompile Include="..\lua\src\lobject.c" />
    <ClCompile Include="..\lua\src\lopcodes.c" />
    <ClCompile Include="..\lua\src\loslib.c" />
    <ClCompile Include="..\lua\src\lparser.c" />
    <ClCompile Include="..\lua\src\lstate.c" />
    <ClCompile Include="..\lua\src\lstring.c" />
    <ClCompile Include="..\lua\src\lstrlib.c" />
    <ClCompile Include="..\lua\src\ltable.c" />
    <ClCompile Include="..\lua\src\ltablib.c" />
    <ClCompile Include="..\lua\src\ltm.c" />
    <ClCompile Include="..\lua\src\lundump.c" />
    <ClCompile Include="..\lua\src\lutf8lib.c" />
    <ClCompile Include="..\lua\src\lvm.c" />
    <ClCompile Include="..\lua\src\lzio.c" />
    <ClCompile Include="..\lua\src\lauxlib.c" />
    <ClCompile Include="..\lua\src\lbaselib.c" />
    <ClCompile Include="..\lua\src\lbitlib.c" />
    <ClCompile Include="..\lua\src\lcode.c" />
    <ClCompile Include="..\lua\src\lcorolib.c" />
    <ClCompile Include="..\lua\src\lctype.c" />
    <ClCompile Include="..\lua\src\ldblib.c" />
    <ClCompile Include="..\lua\src\ldebug.c" />
    <ClCompile Include="..\lua\src\ldo.c" />
    <ClCompile Include="..\lua\src\ldump.c" />
    <ClCompile Include="..\lua\src\lfunc.c" />
    <ClCompile Include="..\lua\src\lgc.c" />
    <ClCompile Include="..\lua\src\linit.c" />
    <ClCompile Include="..\lua\src\liolib.c" />
    <ClCompile Include="..\lua\src\llex.c" />
    <ClCompile Include="..\lua\src\lmathlib.c" />
    <ClCompile Include="..\lua\src\lmem.c" />
    <ClCompile Include="..\lua\src\loadlib.c" />
    <ClCompile Include="..\lua\src\lobject.c" />
    <ClCompile Include="..\lua\src\lopcodes.c" />
    <ClCompile Include="..\lua\src\loslib.c" />
    <ClCompile Include="..\lua\src\lparser.c" />
    <ClCompile Include="..\lua\src\lstate.c" />
    <ClCompile Include="..\lua\src\lstring.c" />
    <ClCompile Include="..\lua\src\lstrlib.c" />
    <ClCompile Include="..\lua\src\ltable.c" />
    <ClCompile Include="..\lua\src\ltablib.c" />
    <ClCompile Include="..\lua\src\ltm.c" />
    <ClCompile Include="..\lua\src\lundump.c" />
    <ClCompile Include="..\lua\src\lutf8lib.c" />
    <ClCompile Include="..\lua\src\lvm.c" />
    <ClCompile Include="..\lua\src\lzio.c" />
    <ClCompile Include="..\lua\src\lauxlib.c" />
    <ClCompile Include="..\lua\src\lbaselib.c" />
    <ClCompile Include="..\lua\src\lbitlib.c" />
    <ClCompile Include="..\lua\src\lcode.c" />
    <ClCompile Include="..\lua\src\lcorolib.c" />
    <ClCompile Include="..\lua\src\lctype.c" />
    <ClCompile Include="..\lua\src\ldblib.c" />
    <ClCompile Include="..\lua\src\ldebug.c" />
    <ClCompile Include="..\lua\src\ldo.c" />
    <ClCompile Include="..\lua\src\ldump.c" />
    <ClCompile Include="..\lua\src\lfunc.c" />
    <ClCompile Include="..\lua\src\lgc.c" />
    <ClCompile Include="..\lua\src\linit.c" />
    <ClCompile Include="..\lua\src\liolib.c" />
    <ClCompile Include="..\lua\src\llex.c" />
    <ClCompile Include="..\lua\src\lmathlib.c" />
    <ClCompile Include="..\lua\src\lmem.c" />
    <ClCompile Include="..\lua\src\loadlib.c" />
    <ClCompile Include="..\lua\src\lobject.c" />
    <ClCompile Include="..\lua\src\lopcodes.c" />
    <ClCompile Include="..\lua\src\loslib.c" />
    <ClCompile Include="..\lua\src\lparser.c" />
    <ClCompile Include="..\lua\src\lstate.c" />
    <ClCompile Include="..\lua\src\lstring.c" />
    <ClCompile Include="..\lua\src\lstrlib.c" />
    <ClCompile Include="..\lua\src\ltable.c" />
    <ClCompile Include="..\lua\src\ltablib.c" />
    <ClCompile Include="..\lua\src\ltm.c" />
    <ClCompile Include="..\lua\src\lundump.c" />
    <ClCompile Include="..\lua\src\lutf8lib.c" />
    <ClCompile Include="..\lua\src\lvm.c" />
    <ClCompile Include="..\lua\src\lzio.c" />
    <ClCompile Include="..\lua\src\lauxlib.c" />
    <ClCompile Include="..\lua\src\lbaselib.c" />
    <ClCompile Include="..\lua\src\lbitlib.c" />
    <ClCompile Include="..\lua\src\lcode.c" />
    <ClCompile Include="..\lua\src\lcorolib.c" />
    <ClCompile Include="..\lua\src\lctype.c" />
    <ClCompile Include="..\lua\src\ldblib.c" />
    <ClCompile Include="..\lua\src\ldebug.c" />
    <ClCompile Include="..\lua\src\ldo.c" />
    <ClCompile Include="..\lua\src\ldump.c" />
    <ClCompile Include="..\lua\src\lfunc.c" />
    <ClCompile Include="..\lua\src\lgc.c" />
    <ClCompile Include="..\lua\src\linit.c" />
    <ClCompile Include="..\lua\src\liolib.c" />
    <ClCompile Include="..\lua\src\llex.c" />
    <ClCompile Include="..\lua\src\lmathlib.c" />
    <ClCompile Include="..\lua\src\lmem.c" />
    <ClCompile Include="..\lua\src\loadlib.c" />
    <ClCompile Include="..\lua\src\lobject.c" />
    <ClCompile Include="..\lua\src\lopcodes.c" />
    <ClCompile Include="..\lua\src\loslib.c" />
    <ClCompile Include="..\lua\src\lparser.c" />
    <ClCompile Include="..\lua\src\lstate.c" />
    <ClCompile Include="..\lua\src\lstring.c" />
    <ClCompile Include="..\lua\src\lstrlib.c" />
    <ClCompile Include="..\lua\src\ltable.c" />
    <ClCompile Include="..\lua\src\ltablib.c" />
    <ClCompile Include="..\lua\src\ltm.c" />
    <ClCompile Include="..\lua\src\lundump.c" />
    <ClCompile Include="..\lua\src\lutf8lib.c" />
    <ClCompile Include="..\lua\src\lvm.c" />
    <ClCompile Include="..\lua\src\lzio.c" />
    <ClCompile Include="..\lua\src\lauxlib.c" />
    <ClCompile Include="..\lua\src\lbaselib.c" />
    <ClCompile Include="..\lua\src\lbitlib.c" />
    <ClCompile Include="..\lua\src\lcode.c" />
    <ClCompile Include="..\lua\src\lcorolib.c" />
    <ClCompile Include="..\lua\src\lctype.c" />
    <ClCompile Include="..\lua\src\ldblib.c" />
    <ClCompile Include="..\lua\src\ldebug.c" />
    <ClCompile Include="..\lua\src\ldo.c" />
    <ClCompile Include="..\lua\src\ldump.c" />
    <ClCompile Include="..\lua\src\lfunc.c" />
    <ClCompile Include="..\lua\src\lgc.c" />
    <ClCompile Include="..\lua\src\linit.c" />
    <ClCompile Include="..\lua\src\liolib.c" />
    <ClCompile Include="..\lua\src\llex.c" />
    <ClCompile Include="..\lua\src\lmathlib.c" />
    <ClCompile Include="..\lua\src\lmem.c" />
    <ClCompile Include="..\lua\src\loadlib.c" />
    <ClCompile Include="..\lua\src\lobject.c" />
    <ClCompile Include="..\lua\src\lopcodes.c" />
    <ClCompile Include="..\lua\src\loslib.c" />
    <ClCompile Include="..\lua\src\lparser.c" />
    <ClCompile Include="..\lua\src\lstate.c" />
    <ClCompile Include="..\lua\src\lstring.c" />
    <ClCompile Include="..\lua\src\lstrlib.c" />
    <ClCompile Include="..\lua\src\ltable.c" />
    <ClCompile Include="..\lua\src\ltablib.c" />
    <ClCompile Include="..\lua\src\ltm.c" />
    <ClCompile Include="..\lua\src\lundump.c" />
    <ClCompile Include="..\lua\src\lutf8lib.c" />
    <ClCompile Include="..\lua\src\lvm.c" />
    <ClCompile Include="..\lua\src\lzio.c" />
    <ClCompile Include="..\lua\src\lauxlib.c" />
    <ClCompile Include="..\lua\src\lbaselib.c" />
    <ClCompile Include="..\lua\src\lbitlib.c" />
    <ClCompile Include="..\lua\src\lcode.c" />
    <ClCompile Include="..\lua\src\lcorolib.c" />
    <ClCompile Include="..\lua\src\lctype.c" />
    <ClCompile Include="..\lua\src\ldblib.c" />
    <ClCompile Include="..\lua\src\ldebug.c" />
    <ClCompile Include="..\lua\src\ldo.c" />
    <ClCompile Include="..\lua\src\ldump.c" />
    <ClCompile Include="..\lua\src\lfunc.c" />
    <ClCompile Include="..\lua\src\lgc.c" />
    <ClCompile Include="..\lua\src\linit.c" />
    <ClCompile Include="..\lua\src\liolib.c" />
    <ClCompile Include="..\lua\src\llex.c" />
    <ClCompile Include="..\lua\src\lmathlib.c" />
    <ClCompile Include="..\lua\src\lmem.c" />
    <ClCompile Include="..\lua\src\loadlib.c" />
    <ClCompile Include="..\lua\src\lobject.c" />
    <ClCompile Include="..\lua\src\lopcodes.c" />
    <ClCompile Include="..\lua\src\loslib.c" />
    <ClCompile Include="..\lua\src\lparser.c" />
    <ClCompile Include="..\lua\src\lstate.c" />
    <ClCompile Include="..\lua\src\lstring.c" />
    <ClCompile Include="..\lua\src\lstrlib.c" />
    <ClCompile Include="..\lua\src\ltable.c" />
    <ClCompile Include="..\lua\src\ltablib.c" />
    <ClCompile Include="..\lua\src\ltm.c" />
    <ClCompile Include="..\lua\src\lundump.c" />
    <ClCompile Include="..\lua\src\lutf8lib.c" />
    <ClCompile Include="..\lua\src\lvm.c" />
    <ClCompile Include="..\lua\src\lzio.c" />
    <ClCompile Include="..\lua\src\lauxlib.c" />
    <ClCompile Include="..\lua\src\lbaselib.c" />
    <ClCompile Include="..\lua\src\lbitlib.c" />
    <ClCompile Include="..\lua\src\lcode.c" />
    <ClCompile Include="..\lua\src\lcorolib.c" />
    <ClCompile Include="..\lua\src\lctype.c" />
    <ClCompile Include="..\lua\src\ldblib.c" />
    <ClCompile Include="..\lua\src\ldebug.c" />
    <ClCompile Include="..\lua\src\ldo.c" />
    <ClCompile Include="..\lua\src\ldump.c" />
    <ClCompile Include="..\lua\src\lfunc.c" />
    <ClCompile Include="..\lua\src\lgc.c" />
    <ClCompile Include="..\lua\src\linit.c" />
    <ClCompile Include="..\lua\src\liolib.c" />
    <ClCompile Include="..\lua\src\llex.c" />
    <ClCompile Include="..\lua\src\lmathlib.c" />
    <ClCompile Include="..\lua\src\lmem.c" />
    <ClCompile Include="..\lua\src\loadlib.c" />
    <ClCompile Include="..\lua\src\lobject.c" />
    <ClCompile Include="..\lua\src\lopcodes.c" />
    <ClCompile Include="..\lua\src\loslib.c" />
    <ClCompile Include="..\lua\src\lparser.c" />
    <ClCompile Include="..\lua\src\lstate.c" />
    <ClCompile Include="..\lua\src\lstring.c" />
    <ClCompile Include="..\lua\src\lstrlib.c" />
    <ClCompile Include="..\lua\src\ltable.c" />
    <ClCompile Include="..\lua\src\ltablib.c" />
    <ClCompile Include="..\lua\src\ltm.c" />
    <ClCompile Include="..\lua\src\lundump.c" />
    <ClCompile Include="..\lua\src\lutf8lib.c" />
    <ClCompile Include="..\lua\src\lvm.c" />
    <ClCompile Include="..\lua\src\lzio.c" />
    <ClCompile Include="..\lua\src\lauxlib.c" />
    <ClCompile Include="..\lua\src\lbaselib.c" />
    <ClCompile Include="..\lua\src\lbitlib.c" />
    <ClCompile Include="..\lua\src\lcode.c" />
    <ClCompile Include="..\lua\src\lcorolib.c" />
    <ClCompile Include="..\lua\src\lctype.c" />
    <ClCompile Include="..\lua\src\ldblib.c" />
    <ClCompile Include="..\lua\src\ldebug.c" />
    <ClCompile Include="..\lua\src\ldo.c" />
    <ClCompile Include="..\lua\src\ldump.c" />
    <ClCompile Include="..\lua\src\lfunc.c" />
    <ClCompile Include="..\lua\src\lgc.c" />
    <ClCompile Include="..\lua\src\linit.c" />
    <ClCompile Include="..\lua\src\liolib.c" />
    <ClCompile Include="..\lua\src\llex.c" />
    <ClCompile Include="..\lua\src\lmathlib.c" />
    <ClCompile Include="..\lua\src\lmem.c" />
    <ClCompile Include="..\lua\src\loadlib.c" />
    <ClCompile Include="..\lua\src\lobject.c" />
    <ClCompile Include="..\lua\src\lopcodes.c" />
    <ClCompile Include="..\lua\src\loslib.c" />
    <ClCompile Include="..\lua\src\lparser.c" />
    <ClCompile Include="..\lua\src\lstate.c" />
    <ClCompile Include="..\lua\src\lstring.c" />
    <ClCompile Include="..\lua\src\lstrlib.c" />
    <ClCompile Include="..\lua\src\ltable.c" />
    <ClCompile Include="..\lua\src\ltablib.c" />
    <ClCompile Include="..\lua\src\ltm.c" />
    <ClCompile Include="..\lua\src\lundump.c" />
    <ClCompile Include="..\lua\src\lutf8lib.c" />
    <ClCompile Include="..\lua\src\lvm.c" />
    <ClCompile Include="..\lua\src\lzio.c" />
    <ClCompile Include="..\..\lexilla\access\LexillaAccess.cxx" />
    <ClCompile Include="..\win32\SciTEWinBar.cxx">
      <Filter>Core</Filter>
    </ClCompile>
    <ClCompile Include="..\win32\SciTEWinDlg.cxx">
      <Filter>Core</Filter>
    </ClCompile>
    <ClCompile Include="..\..\scintilla\call\ScintillaCall.cxx">
      <Filter>Core</Filter>
    </ClCompile>
    <ClCompile Include="..\src\ScintillaWindow.cxx">
      <Filter>Core</Filter>
    </ClCompile>
    <ClCompile Include="..\src\SciTEBuffers.cxx">
      <Filter>Core</Filter>
    </ClCompile>
    <ClCompile Include="..\src\SciTEIO.cxx">
      <Filter>Core</Filter>
    </ClCompile>
    <ClCompile Include="..\src\SciTEProps.cxx">
      <Filter>Core</Filter>
    </ClCompile>
    <ClCompile Include="..\win32\SciTEWin.cxx">
      <Filter>Core</Filter>
    </ClCompile>
    <ClCompile Include="..\win32\SciTEWinDlg.cxx">
      <Filter>Core</Filter>
    </ClCompile>
    <ClCompile Include="..\win32\SciTEWinBar.cxx">
      <Filter>Core</Filter>
    </ClCompile>
    <ClCompile Include="..\win32\SciTEWinDlg.cxx">
      <Filter>Core</Filter>
    </ClCompile>
    <ClCompile Include="..\win32\SciTEWin.cxx">
      <Filter>Core</Filter>
    </ClCompile>
    <ClCompile Include="..\win32\SciTEWinBar.cxx">
      <Filter>Core</Filter>
    </ClCompile>
    <ClCompile Include="..\win32\Strips.cxx">
      <Filter>Core</Filter>
    </ClCompile>
    <ClCompile Include="..\win32\GUIWin.cxx">
      <Filter>Core</Filter>
    </ClCompile>
    <ClCompile Include="..\win32\SciTEWin.cxx">
      <Filter>Core</Filter>
    </ClCompile>
    <ClCompile Include="..\win32\SciTEWinBar.cxx">
      <Filter>Core</Filter>
    </ClCompile>
    <ClCompile Include="..\win32\SciTEWinDlg.cxx">
      <Filter>Core</Filter>
    </ClCompile>
    <ClCompile Include="..\src\MultiplexExtension.cxx">
      <Filter>Core</Filter>
    </ClCompile>
    <ClCompile Include="..\src\LuaExtension.cxx">
      <Filter>Core</Filter>
    </ClCompile>
    <ClCompile Include="..\win32\GUIWin.cxx">
      <Filter>Core</Filter>
    </ClCompile>
    <ClCompile Include="..\win32\SciTEWin.cxx">
      <Filter>Core</Filter>
    </ClCompile>
    <ClCompile Include="..\win32\SciTEWinBar.cxx">
      <Filter>Core</Filter>
    </ClCompile>
    <ClCompile Include="..\win32\SciTEWinDlg.cxx">
      <Filter>Core</Filter>
    </ClCompile>
    <ClCompile Include="..\win32\SciTEWin.cxx">
      <Filter>Core</Filter>
    </ClCompile>
    <ClCompile Include="..\win32\SciTEWinBar.cxx">
      <Filter>Core</Filter>
    </ClCompile>
    <ClCompile Include="..\win32\SciTEWinDlg.cxx">
      <Filter>Core</Filter>
    </ClCompile>
  </ItemGroup>
  <ItemGroup>
    <ClInclude Include="..\..\lexilla\include\SciLexer.h" />
    <ClInclude Include="..\..\lexilla\lexlib\CatalogueModules.h" />
    <ClInclude Include="..\..\lexilla\lexlib\OptionSet.h" />
    <ClInclude Include="..\..\lexilla\lexlib\SparseState.h" />
    <ClInclude Include="..\..\lexilla\lexlib\StringCopy.h" />
    <ClInclude Include="..\..\lexilla\lexlib\SubStyles.h" />
    <ClInclude Include="..\..\scintilla\include\ILoader.h" />
    <ClInclude Include="..\..\scintilla\include\Scintilla.h" />
    <ClInclude Include="..\..\scintilla\include\Sci_Position.h" />
    <ClInclude Include="..\..\scintilla\include\ILoader.h" />
    <ClInclude Include="..\..\scintilla\include\Scintilla.h" />
    <ClInclude Include="..\..\scintilla\include\ScintillaMessages.h" />
    <ClInclude Include="..\..\scintilla\include\ScintillaStructures.h" />
    <ClInclude Include="..\..\scintilla\include\ScintillaTypes.h" />
    <ClInclude Include="..\..\scintilla\include\ScintillaWidget.h" />
    <ClInclude Include="..\..\scintilla\include\Sci_Position.h" />
    <ClInclude Include="..\..\scintilla\include\ILoader.h" />
    <ClInclude Include="..\..\scintilla\include\Scintilla.h" />
    <ClInclude Include="..\..\scintilla\include\ScintillaMessages.h" />
    <ClInclude Include="..\..\scintilla\include\ScintillaStructures.h" />
    <ClInclude Include="..\..\scintilla\include\ScintillaTypes.h" />
    <ClInclude Include="..\..\scintilla\include\ScintillaWidget.h" />
    <ClInclude Include="..\..\scintilla\include\Sci_Position.h" />
    <ClInclude Include="..\..\scintilla\include\ILoader.h" />
    <ClInclude Include="..\..\scintilla\include\Scintilla.h" />
    <ClInclude Include="..\..\scintilla\include\ScintillaMessages.h" />
    <ClInclude Include="..\..\scintilla\include\ScintillaStructures.h" />
    <ClInclude Include="..\..\scintilla\include\ScintillaTypes.h" />
    <ClInclude Include="..\..\scintilla\include\ScintillaWidget.h" />
    <ClInclude Include="..\..\scintilla\include\Sci_Position.h" />
    <ClInclude Include="..\..\scintilla\include\ILoader.h" />
    <ClInclude Include="..\..\scintilla\include\Scintilla.h" />
    <ClInclude Include="..\..\scintilla\include\ScintillaMessages.h" />
    <ClInclude Include="..\..\scintilla\include\ScintillaStructures.h" />
    <ClInclude Include="..\..\scintilla\include\ScintillaTypes.h" />
    <ClInclude Include="..\..\scintilla\include\ScintillaWidget.h" />
    <ClInclude Include="..\..\scintilla\include\Sci_Position.h" />
    <ClInclude Include="..\..\scintilla\include\ILoader.h" />
    <ClInclude Include="..\..\scintilla\include\Scintilla.h" />
    <ClInclude Include="..\..\scintilla\include\ScintillaCall.h" />
    <ClInclude Include="..\..\scintilla\include\ScintillaMessages.h" />
    <ClInclude Include="..\..\scintilla\include\ScintillaStructures.h" />
    <ClInclude Include="..\..\scintilla\include\ScintillaTypes.h" />
    <ClInclude Include="..\..\scintilla\include\ScintillaWidget.h" />
    <ClInclude Include="..\..\scintilla\include\Sci_Position.h" />
    <ClInclude Include="..\..\scintilla\include\ILoader.h" />
    <ClInclude Include="..\..\scintilla\include\Scintilla.h" />
    <ClInclude Include="..\..\scintilla\include\ScintillaCall.h" />
    <ClInclude Include="..\..\scintilla\include\ScintillaMessages.h" />
    <ClInclude Include="..\..\scintilla\include\ScintillaStructures.h" />
    <ClInclude Include="..\..\scintilla\include\ScintillaTypes.h" />
    <ClInclude Include="..\..\scintilla\include\ScintillaWidget.h" />
    <ClInclude Include="..\..\scintilla\include\Sci_Position.h" />
    <ClInclude Include="..\..\scintilla\include\ILoader.h" />
    <ClInclude Include="..\..\scintilla\include\Scintilla.h" />
    <ClInclude Include="..\..\scintilla\include\ScintillaCall.h" />
    <ClInclude Include="..\..\scintilla\include\ScintillaMessages.h" />
    <ClInclude Include="..\..\scintilla\include\ScintillaStructures.h" />
    <ClInclude Include="..\..\scintilla\include\ScintillaTypes.h" />
    <ClInclude Include="..\..\scintilla\include\ScintillaWidget.h" />
    <ClInclude Include="..\..\scintilla\include\Sci_Position.h" />
    <ClInclude Include="..\..\scintilla\include\ILoader.h" />
    <ClInclude Include="..\..\scintilla\include\Scintilla.h" />
    <ClInclude Include="..\..\scintilla\include\ScintillaCall.h" />
    <ClInclude Include="..\..\scintilla\include\ScintillaMessages.h" />
    <ClInclude Include="..\..\scintilla\include\ScintillaStructures.h" />
    <ClInclude Include="..\..\scintilla\include\ScintillaTypes.h" />
    <ClInclude Include="..\..\scintilla\include\ScintillaWidget.h" />
    <ClInclude Include="..\..\scintilla\include\Sci_Position.h" />
    <ClInclude Include="..\..\scintilla\src\Debugging.h" />
    <ClInclude Include="..\..\scintilla\src\Partitioning.h" />
    <ClInclude Include="..\..\scintilla\src\Platform.h" />
    <ClInclude Include="..\..\scintilla\src\Position.h" />
    <ClInclude Include="..\..\scintilla\src\SparseVector.h" />
    <ClInclude Include="..\..\scintilla\src\SplitVector.h" />
    <ClInclude Include="..\src\Cookie.h" />
    <ClInclude Include="..\src\EditorConfig.h" />
    <ClInclude Include="..\src\FilePath.h" />
    <ClInclude Include="..\src\FileWorker.h" />
    <ClInclude Include="..\src\IFaceTable.h" />
    <ClInclude Include="..\src\JobQueue.h" />
    <ClInclude Include="..\src\MatchMarker.h" />
    <ClInclude Include="..\src\PropSetFile.h" />
    <ClInclude Include="..\src\StringHelpers.h" />
    <ClInclude Include="..\src\StringList.h" />
    <ClInclude Include="..\src\StripDefinition.h" />
    <ClInclude Include="..\src\StyleDefinition.h" />
    <ClInclude Include="..\src\StyleWriter.h" />
    <ClInclude Include="..\src\Utf8_16.h" />
    <ClInclude Include="..\src\Worker.h" />
    <ClInclude Include="..\win32\DLLFunction.h" />
    <ClInclude Include="..\win32\DLLFunction.h" />
    <ClInclude Include="..\win32\Strips.h" />
    <ClInclude Include="..\win32\DLLFunction.h" />
    <ClInclude Include="..\win32\Strips.h" />
    <ClInclude Include="..\win32\DLLFunction.h" />
    <ClInclude Include="..\win32\Strips.h" />
    <ClInclude Include="..\win32\DLLFunction.h" />
    <ClInclude Include="..\win32\Strips.h" />
    <ClInclude Include="..\win32\DLLFunction.h">
      <Filter>Core</Filter>
    </ClInclude>
    <ClInclude Include="..\win32\SciTEWin.h">
      <Filter>Core</Filter>
    </ClInclude>
    <ClInclude Include="..\win32\Strips.h">
      <Filter>Core</Filter>
    </ClInclude>
    <ClInclude Include="..\..\scintilla\include\ILexer.h" />
    <ClInclude Include="..\win32\DirectorExtension.h" />
    <ClInclude Include="UniqueInstance.h" />
    <ClInclude Include="..\src\SciTEBase.h">
      <Filter>Core</Filter>
    </ClInclude>
    <ClInclude Include="..\win32\SciTEWin.h">
      <Filter>Core</Filter>
    </ClInclude>
    <ClInclude Include="..\win32\SciTEWin.h">
      <Filter>Core</Filter>
    </ClInclude>
    <ClInclude Include="..\..\scintilla\include\ScintillaMessages.h">
      <Filter>Core</Filter>
    </ClInclude>
    <ClInclude Include="..\..\scintilla\include\ScintillaStructures.h">
      <Filter>Core</Filter>
    </ClInclude>
    <ClInclude Include="..\..\scintilla\include\ScintillaTypes.h">
      <Filter>Core</Filter>
    </ClInclude>
    <ClInclude Include="..\..\scintilla\include\ScintillaWidget.h">
      <Filter>Core</Filter>
    </ClInclude>
    <ClInclude Include="..\src\ScintillaWindow.h">
      <Filter>Core</Filter>
    </ClInclude>
    <ClInclude Include="..\src\SciTEKeys.h">
      <Filter>Core</Filter>
    </ClInclude>
    <ClInclude Include="..\win32\SciTEWin.h">
      <Filter>Core</Filter>
    </ClInclude>
    <ClInclude Include="..\..\scintilla\include\ScintillaCall.h">
      <Filter>Core</Filter>
    </ClInclude>
    <ClInclude Include="..\win32\SciTEWin.h">
      <Filter>Core</Filter>
    </ClInclude>
    <ClInclude Include="..\src\scite_lua_win.h">
      <Filter>Core</Filter>
    </ClInclude>
    <ClInclude Include="..\src\SciTE.h">
      <Filter>Core</Filter>
    </ClInclude>
    <ClInclude Include="..\win32\Strips.h">
      <Filter>Core</Filter>
    </ClInclude>
    <ClInclude Include="..\src\GUI.h">
      <Filter>Core</Filter>
    </ClInclude>
    <ClInclude Include="..\src\Extender.h">
      <Filter>Core</Filter>
    </ClInclude>
    <ClInclude Include="..\win32\SciTEWin.h">
      <Filter>Core</Filter>
    </ClInclude>
    <ClInclude Include="..\src\MultiplexExtension.h">
      <Filter>Core</Filter>
    </ClInclude>
    <ClInclude Include="..\src\LuaExtension.h">
      <Filter>Core</Filter>
    </ClInclude>
  </ItemGroup>
  <ItemGroup>
    <None Include="..\Win32\SciBall.ico" />
  </ItemGroup>
  <ItemGroup>
    <Filter Include="Core">
      <UniqueIdentifier>{ee71b2ae-30d6-4430-9238-e2e484e59767}</UniqueIdentifier>
    </Filter>
  </ItemGroup>
  <ItemGroup>
    <ResourceCompile Include="..\win32\SciTERes.rc">
      <Filter>Core</Filter>
    </ResourceCompile>
  </ItemGroup>
</Project>